
Microsoft Visual Studio Solution File, Format Version 12.00
# Visual Studio Version 16
VisualStudioVersion = 16.0.30804.86
MinimumVisualStudioVersion = 10.0.40219.1
Project("{9A19103F-16F7-4668-BE54-9A1E7A4F7556}") = "SquaresApp.API", "SquaresApp.API\SquaresApp.API.csproj", "{614E9E3F-5D36-40D7-8DE2-0CE948A6E436}"
EndProject
Project("{9A19103F-16F7-4668-BE54-9A1E7A4F7556}") = "SquaresApp.Application", "SquaresApp.Application\SquaresApp.Application.csproj", "{86DA30C0-78AC-42EA-B17D-2993C4A4FF39}"
EndProject
Project("{9A19103F-16F7-4668-BE54-9A1E7A4F7556}") = "SquaresApp.Data", "SquaresApp.Data\SquaresApp.Data.csproj", "{E4AD0E3C-7977-474D-BA2E-B050E88EE1B2}"
EndProject
Project("{9A19103F-16F7-4668-BE54-9A1E7A4F7556}") = "SquaresApp.Common", "SquaresApp.Common\SquaresApp.Common.csproj", "{CB2E4EB4-CCEC-4B9B-9C8D-E797702EC97C}"
EndProject
Project("{2150E333-8FDC-42A3-9474-1A3956D46DE8}") = "SquaresApp.Tests", "SquaresApp.Tests", "{54C0DA4D-A346-42D8-A0DC-6FC63A33F325}"
EndProject
Project("{9A19103F-16F7-4668-BE54-9A1E7A4F7556}") = "SquaresApp.API.Tests", "SquaresApp.API.Tests\SquaresApp.API.Tests.csproj", "{6D9592DA-17EE-4B3B-B6DC-C92905EFB92B}"
EndProject
Project("{9A19103F-16F7-4668-BE54-9A1E7A4F7556}") = "SquaresApp.Application.Tests", "SquaresApp.Application.Tests\SquaresApp.Application.Tests.csproj", "{939493F8-7E14-4B90-BD28-FD6FF52E8441}"
EndProject
Project("{9A19103F-16F7-4668-BE54-9A1E7A4F7556}") = "SquaresApp.Data.Tests", "SquaresApp.Data.Tests\SquaresApp.Data.Tests.csproj", "{3AEB75E5-4E3B-4012-A17E-202AF1607E76}"
EndProject
Global
	GlobalSection(SolutionConfigurationPlatforms) = preSolution
		Debug|Any CPU = Debug|Any CPU
		Release|Any CPU = Release|Any CPU
	EndGlobalSection
	GlobalSection(ProjectConfigurationPlatforms) = postSolution
		{614E9E3F-5D36-40D7-8DE2-0CE948A6E436}.Debug|Any CPU.ActiveCfg = Debug|Any CPU
		{614E9E3F-5D36-40D7-8DE2-0CE948A6E436}.Debug|Any CPU.Build.0 = Debug|Any CPU
		{614E9E3F-5D36-40D7-8DE2-0CE948A6E436}.Release|Any CPU.ActiveCfg = Release|Any CPU
		{614E9E3F-5D36-40D7-8DE2-0CE948A6E436}.Release|Any CPU.Build.0 = Release|Any CPU
		{86DA30C0-78AC-42EA-B17D-2993C4A4FF39}.Debug|Any CPU.ActiveCfg = Debug|Any CPU
		{86DA30C0-78AC-42EA-B17D-2993C4A4FF39}.Debug|Any CPU.Build.0 = Debug|Any CPU
		{86DA30C0-78AC-42EA-B17D-2993C4A4FF39}.Release|Any CPU.ActiveCfg = Release|Any CPU
		{86DA30C0-78AC-42EA-B17D-2993C4A4FF39}.Release|Any CPU.Build.0 = Release|Any CPU
		{E4AD0E3C-7977-474D-BA2E-B050E88EE1B2}.Debug|Any CPU.ActiveCfg = Debug|Any CPU
		{E4AD0E3C-7977-474D-BA2E-B050E88EE1B2}.Debug|Any CPU.Build.0 = Debug|Any CPU
		{E4AD0E3C-7977-474D-BA2E-B050E88EE1B2}.Release|Any CPU.ActiveCfg = Release|Any CPU
		{E4AD0E3C-7977-474D-BA2E-B050E88EE1B2}.Release|Any CPU.Build.0 = Release|Any CPU
		{CB2E4EB4-CCEC-4B9B-9C8D-E797702EC97C}.Debug|Any CPU.ActiveCfg = Debug|Any CPU
		{CB2E4EB4-CCEC-4B9B-9C8D-E797702EC97C}.Debug|Any CPU.Build.0 = Debug|Any CPU
		{CB2E4EB4-CCEC-4B9B-9C8D-E797702EC97C}.Release|Any CPU.ActiveCfg = Release|Any CPU
		{CB2E4EB4-CCEC-4B9B-9C8D-E797702EC97C}.Release|Any CPU.Build.0 = Release|Any CPU
		{6D9592DA-17EE-4B3B-B6DC-C92905EFB92B}.Debug|Any CPU.ActiveCfg = Debug|Any CPU
		{6D9592DA-17EE-4B3B-B6DC-C92905EFB92B}.Debug|Any CPU.Build.0 = Debug|Any CPU
		{6D9592DA-17EE-4B3B-B6DC-C92905EFB92B}.Release|Any CPU.ActiveCfg = Release|Any CPU
		{6D9592DA-17EE-4B3B-B6DC-C92905EFB92B}.Release|Any CPU.Build.0 = Release|Any CPU
		{939493F8-7E14-4B90-BD28-FD6FF52E8441}.Debug|Any CPU.ActiveCfg = Debug|Any CPU
		{939493F8-7E14-4B90-BD28-FD6FF52E8441}.Debug|Any CPU.Build.0 = Debug|Any CPU
		{939493F8-7E14-4B90-BD28-FD6FF52E8441}.Release|Any CPU.ActiveCfg = Release|Any CPU
		{939493F8-7E14-4B90-BD28-FD6FF52E8441}.Release|Any CPU.Build.0 = Release|Any CPU
		{3AEB75E5-4E3B-4012-A17E-202AF1607E76}.Debug|Any CPU.ActiveCfg = Debug|Any CPU
		{3AEB75E5-4E3B-4012-A17E-202AF1607E76}.Debug|Any CPU.Build.0 = Debug|Any CPU
		{3AEB75E5-4E3B-4012-A17E-202AF1607E76}.Release|Any CPU.ActiveCfg = Release|Any CPU
		{3AEB75E5-4E3B-4012-A17E-202AF1607E76}.Release|Any CPU.Build.0 = Release|Any CPU
	EndGlobalSection
	GlobalSection(SolutionProperties) = preSolution
		HideSolutionNode = FALSE
	EndGlobalSection
	GlobalSection(NestedProjects) = preSolution
		{6D9592DA-17EE-4B3B-B6DC-C92905EFB92B} = {54C0DA4D-A346-42D8-A0DC-6FC63A33F325}
		{939493F8-7E14-4B90-BD28-FD6FF52E8441} = {54C0DA4D-A346-42D8-A0DC-6FC63A33F325}
		{3AEB75E5-4E3B-4012-A17E-202AF1607E76} = {54C0DA4D-A346-42D8-A0DC-6FC63A33F325}
	EndGlobalSection
	GlobalSection(ExtensibilityGlobals) = postSolution
		SolutionGuid = {529D7362-3AD9-4B5E-A44B-229FA246F926}
	EndGlobalSection
EndGlobal
